
Microsoft Visual Studio Solution File, Format Version 12.00
# Visual Studio Version 17
VisualStudioVersion = 17.11.35327.3
MinimumVisualStudioVersion = 10.0.40219.1
Project("{FAE04EC0-301F-11D3-BF4B-00C04F79EFBC}") = "FormsDB", "FormsDB.csproj", "{D8CAB20A-7929-4320-857B-0C16A41AA59D}"
EndProject
Global
	GlobalSection(SolutionConfigurationPlatforms) = preSolution
		Debug|Any CPU = Debug|Any CPU
		Release|Any CPU = Release|Any CPU
	EndGlobalSection
	GlobalSection(ProjectConfigurationPlatforms) = postSolution
		{D8CAB20A-7929-4320-857B-0C16A41AA59D}.Debug|Any CPU.ActiveCfg = Debug|Any CPU
		{D8CAB20A-7929-4320-857B-0C16A41AA59D}.Debug|Any CPU.Build.0 = Debug|Any CPU
		{D8CAB20A-7929-4320-857B-0C16A41AA59D}.Release|Any CPU.ActiveCfg = Release|Any CPU
		{D8CAB20A-7929-4320-857B-0C16A41AA59D}.Release|Any CPU.Build.0 = Release|Any CPU
	EndGlobalSection
	GlobalSection(SolutionProperties) = preSolution
		HideSolutionNode = FALSE
	EndGlobalSection
	GlobalSection(ExtensibilityGlobals) = postSolution
		SolutionGuid = {7E9CFD35-9647-4577-AEA5-49845EE2BD0A}
	EndGlobalSection
EndGlobal
